
Microsoft Visual Studio Solution File, Format Version 12.00
# Visual Studio Version 17
VisualStudioVersion = 17.6.33723.286
MinimumVisualStudioVersion = 10.0.40219.1
Project("{FAE04EC0-301F-11D3-BF4B-00C04F79EFBC}") = "PokemonReviewApp", "PokemonReviewApp\PokemonReviewApp.csproj", "{322260F2-17C9-472C-A4F2-2432DFE0B756}"
EndProject
Global
	GlobalSection(SolutionConfigurationPlatforms) = preSolution
		Debug|Any CPU = Debug|Any CPU
		Release|Any CPU = Release|Any CPU
	EndGlobalSection
	GlobalSection(ProjectConfigurationPlatforms) = postSolution
		{322260F2-17C9-472C-A4F2-2432DFE0B756}.Debug|Any CPU.ActiveCfg = Debug|Any CPU
		{322260F2-17C9-472C-A4F2-2432DFE0B756}.Debug|Any CPU.Build.0 = Debug|Any CPU
		{322260F2-17C9-472C-A4F2-2432DFE0B756}.Release|Any CPU.ActiveCfg = Release|Any CPU
		{322260F2-17C9-472C-A4F2-2432DFE0B756}.Release|Any CPU.Build.0 = Release|Any CPU
	EndGlobalSection
	GlobalSection(SolutionProperties) = preSolution
		HideSolutionNode = FALSE
	EndGlobalSection
	GlobalSection(ExtensibilityGlobals) = postSolution
		SolutionGuid = {2333B348-5A7C-44BD-8618-91505400550C}
	EndGlobalSection
EndGlobal
